{
  "name": "find-hearted-contributions",
  "version": "0.0.0-development",
  "lockfileVersion": 3,
  "requires": true,
  "packages": {
    "": {
      "name": "find-hearted-contributions",
      "version": "0.0.0-development",
      "license": "ISC",
      "dependencies": {
        "jsonfile": "^5.0.0",
        "mkdirp": "^0.5.1",
        "octokit": "^3.1.2",
        "yargs": "^13.2.4"
      },
      "bin": {
        "find-hearted-contributions": "bin/find-hearted-contributions.js"
      },
      "devDependencies": {
        "prettier": "^3.0.0"
      }
    },
    "node_modules/@octokit/app": {
      "version": "14.0.2",
      "resolved": "https://registry.npmjs.org/@octokit/app/-/app-14.0.2.tgz",
      "integrity": "sha512-NCSCktSx+XmjuSUVn2dLfqQ9WIYePGP95SDJs4I9cn/0ZkeXcPkaoCLl64Us3dRKL2ozC7hArwze5Eu+/qt1tg==",
      "dependencies": {
        "@octokit/auth-app": "^6.0.0",
        "@octokit/auth-unauthenticated": "^5.0.0",
        "@octokit/core": "^5.0.0",
        "@octokit/oauth-app": "^6.0.0",
        "@octokit/plugin-paginate-rest": "^9.0.0",
        "@octokit/types": "^12.0.0",
        "@octokit/webhooks": "^12.0.4"
      },
      "engines": {
        "node": ">= 18"
      }
    },
    "node_modules/@octokit/auth-app": {
      "version": "6.0.1",
      "resolved": "https://registry.npmjs.org/@octokit/auth-app/-/auth-app-6.0.1.tgz",
      "integrity": "sha512-tjCD4nzQNZgmLH62+PSnTF6eGerisFgV4v6euhqJik6yWV96e1ZiiGj+NXIqbgnpjLmtnBqVUrNyGKu3DoGEGA==",
      "dependencies": {
        "@octokit/auth-oauth-app": "^7.0.0",
        "@octokit/auth-oauth-user": "^4.0.0",
        "@octokit/request": "^8.0.2",
        "@octokit/request-error": "^5.0.0",
        "@octokit/types": "^12.0.0",
        "deprecation": "^2.3.1",
        "lru-cache": "^10.0.0",
        "universal-github-app-jwt": "^1.1.1",
        "universal-user-agent": "^6.0.0"
      },
      "engines": {
        "node": ">= 18"
      }
    },
    "node_modules/@octokit/auth-oauth-app": {
      "version": "7.0.1",
      "resolved": "https://registry.npmjs.org/@octokit/auth-oauth-app/-/auth-oauth-app-7.0.1.tgz",
      "integrity": "sha512-RE0KK0DCjCHXHlQBoubwlLijXEKfhMhKm9gO56xYvFmP1QTMb+vvwRPmQLLx0V+5AvV9N9I3lr1WyTzwL3rMDg==",
      "dependencies": {
        "@octokit/auth-oauth-device": "^6.0.0",
        "@octokit/auth-oauth-user": "^4.0.0",
        "@octokit/request": "^8.0.2",
        "@octokit/types": "^12.0.0",
        "@types/btoa-lite": "^1.0.0",
        "btoa-lite": "^1.0.0",
        "universal-user-agent": "^6.0.0"
      },
      "engines": {
        "node": ">= 18"
      }
    },
    "node_modules/@octokit/auth-oauth-device": {
      "version": "6.0.1",
      "resolved": "https://registry.npmjs.org/@octokit/auth-oauth-device/-/auth-oauth-device-6.0.1.tgz",
      "integrity": "sha512-yxU0rkL65QkjbqQedgVx3gmW7YM5fF+r5uaSj9tM/cQGVqloXcqP2xK90eTyYvl29arFVCW8Vz4H/t47mL0ELw==",
      "dependencies": {
        "@octokit/oauth-methods": "^4.0.0",
        "@octokit/request": "^8.0.0",
        "@octokit/types": "^12.0.0",
        "universal-user-agent": "^6.0.0"
      },
      "engines": {
        "node": ">= 18"
      }
    },
    "node_modules/@octokit/auth-oauth-user": {
      "version": "4.0.1",
      "resolved": "https://registry.npmjs.org/@octokit/auth-oauth-user/-/auth-oauth-user-4.0.1.tgz",
      "integrity": "sha512-N94wWW09d0hleCnrO5wt5MxekatqEJ4zf+1vSe8MKMrhZ7gAXKFOKrDEZW2INltvBWJCyDUELgGRv8gfErH1Iw==",
      "dependencies": {
        "@octokit/auth-oauth-device": "^6.0.0",
        "@octokit/oauth-methods": "^4.0.0",
        "@octokit/request": "^8.0.2",
        "@octokit/types": "^12.0.0",
        "btoa-lite": "^1.0.0",
        "universal-user-agent": "^6.0.0"
      },
      "engines": {
        "node": ">= 18"
      }
    },
    "node_modules/@octokit/auth-token": {
      "version": "4.0.0",
      "resolved": "https://registry.npmjs.org/@octokit/auth-token/-/auth-token-4.0.0.tgz",
      "integrity": "sha512-tY/msAuJo6ARbK6SPIxZrPBms3xPbfwBrulZe0Wtr/DIY9lje2HeV1uoebShn6mx7SjCHif6EjMvoREj+gZ+SA==",
      "engines": {
        "node": ">= 18"
      }
    },
    "node_modules/@octokit/auth-unauthenticated": {
      "version": "5.0.1",
      "resolved": "https://registry.npmjs.org/@octokit/auth-unauthenticated/-/auth-unauthenticated-5.0.1.tgz",
      "integrity": "sha512-oxeWzmBFxWd+XolxKTc4zr+h3mt+yofn4r7OfoIkR/Cj/o70eEGmPsFbueyJE2iBAGpjgTnEOKM3pnuEGVmiqg==",
      "dependencies": {
        "@octokit/request-error": "^5.0.0",
        "@octokit/types": "^12.0.0"
      },
      "engines": {
        "node": ">= 18"
      }
    },
    "node_modules/@octokit/core": {
      "version": "5.0.2",
      "resolved": "https://registry.npmjs.org/@octokit/core/-/core-5.0.2.tgz",
      "integrity": "sha512-cZUy1gUvd4vttMic7C0lwPed8IYXWYp8kHIMatyhY8t8n3Cpw2ILczkV5pGMPqef7v0bLo0pOHrEHarsau2Ydg==",
      "peer": true,
      "dependencies": {
        "@octokit/auth-token": "^4.0.0",
        "@octokit/graphql": "^7.0.0",
        "@octokit/request": "^8.0.2",
        "@octokit/request-error": "^5.0.0",
        "@octokit/types": "^12.0.0",
        "before-after-hook": "^2.2.0",
        "universal-user-agent": "^6.0.0"
      },
      "engines": {
        "node": ">= 18"
      }
    },
    "node_modules/@octokit/endpoint": {
      "version": "9.0.6",
      "resolved": "https://registry.npmjs.org/@octokit/endpoint/-/endpoint-9.0.6.tgz",
      "integrity": "sha512-H1fNTMA57HbkFESSt3Y9+FBICv+0jFceJFPWDePYlR/iMGrwM5ph+Dd4XRQs+8X+PUFURLQgX9ChPfhJ/1uNQw==",
      "license": "MIT",
      "dependencies": {
        "@octokit/types": "^13.1.0",
        "universal-user-agent": "^6.0.0"
      },
      "engines": {
        "node": ">= 18"
      }
    },
    "node_modules/@octokit/endpoint/node_modules/@octokit/openapi-types": {
      "version": "23.0.1",
      "resolved": "https://registry.npmjs.org/@octokit/openapi-types/-/openapi-types-23.0.1.tgz",
      "integrity": "sha512-izFjMJ1sir0jn0ldEKhZ7xegCTj/ObmEDlEfpFrx4k/JyZSMRHbO3/rBwgE7f3m2DHt+RrNGIVw4wSmwnm3t/g==",
      "license": "MIT"
    },
    "node_modules/@octokit/endpoint/node_modules/@octokit/types": {
      "version": "13.8.0",
      "resolved": "https://registry.npmjs.org/@octokit/types/-/types-13.8.0.tgz",
      "integrity": "sha512-x7DjTIbEpEWXK99DMd01QfWy0hd5h4EN+Q7shkdKds3otGQP+oWE/y0A76i1OvH9fygo4ddvNf7ZvF0t78P98A==",
      "license": "MIT",
      "dependencies": {
        "@octokit/openapi-types": "^23.0.1"
      }
    },
    "node_modules/@octokit/graphql": {
      "version": "7.0.2",
      "resolved": "https://registry.npmjs.org/@octokit/graphql/-/graphql-7.0.2.tgz",
      "integrity": "sha512-OJ2iGMtj5Tg3s6RaXH22cJcxXRi7Y3EBqbHTBRq+PQAqfaS8f/236fUrWhfSn8P4jovyzqucxme7/vWSSZBX2Q==",
      "dependencies": {
        "@octokit/request": "^8.0.1",
        "@octokit/types": "^12.0.0",
        "universal-user-agent": "^6.0.0"
      },
      "engines": {
        "node": ">= 18"
      }
    },
    "node_modules/@octokit/oauth-app": {
      "version": "6.0.0",
      "resolved": "https://registry.npmjs.org/@octokit/oauth-app/-/oauth-app-6.0.0.tgz",
      "integrity": "sha512-bNMkS+vJ6oz2hCyraT9ZfTpAQ8dZNqJJQVNaKjPLx4ue5RZiFdU1YWXguOPR8AaSHS+lKe+lR3abn2siGd+zow==",
      "dependencies": {
        "@octokit/auth-oauth-app": "^7.0.0",
        "@octokit/auth-oauth-user": "^4.0.0",
        "@octokit/auth-unauthenticated": "^5.0.0",
        "@octokit/core": "^5.0.0",
        "@octokit/oauth-authorization-url": "^6.0.2",
        "@octokit/oauth-methods": "^4.0.0",
        "@types/aws-lambda": "^8.10.83",
        "universal-user-agent": "^6.0.0"
      },
      "engines": {
        "node": ">= 18"
      }
    },
    "node_modules/@octokit/oauth-authorization-url": {
      "version": "6.0.2",
      "resolved": "https://registry.npmjs.org/@octokit/oauth-authorization-url/-/oauth-authorization-url-6.0.2.tgz",
      "integrity": "sha512-CdoJukjXXxqLNK4y/VOiVzQVjibqoj/xHgInekviUJV73y/BSIcwvJ/4aNHPBPKcPWFnd4/lO9uqRV65jXhcLA==",
      "engines": {
        "node": ">= 18"
      }
    },
    "node_modules/@octokit/oauth-methods": {
      "version": "4.0.1",
      "resolved": "https://registry.npmjs.org/@octokit/oauth-methods/-/oauth-methods-4.0.1.tgz",
      "integrity": "sha512-1NdTGCoBHyD6J0n2WGXg9+yDLZrRNZ0moTEex/LSPr49m530WNKcCfXDghofYptr3st3eTii+EHoG5k/o+vbtw==",
      "dependencies": {
        "@octokit/oauth-authorization-url": "^6.0.2",
        "@octokit/request": "^8.0.2",
        "@octokit/request-error": "^5.0.0",
        "@octokit/types": "^12.0.0",
        "btoa-lite": "^1.0.0"
      },
      "engines": {
        "node": ">= 18"
      }
    },
    "node_modules/@octokit/openapi-types": {
      "version": "20.0.0",
      "resolved": "https://registry.npmjs.org/@octokit/openapi-types/-/openapi-types-20.0.0.tgz",
      "integrity": "sha512-EtqRBEjp1dL/15V7WiX5LJMIxxkdiGJnabzYx5Apx4FkQIFgAfKumXeYAqqJCj1s+BMX4cPFIFC4OLCR6stlnA==",
      "license": "MIT"
    },
    "node_modules/@octokit/plugin-paginate-graphql": {
      "version": "4.0.0",
      "resolved": "https://registry.npmjs.org/@octokit/plugin-paginate-graphql/-/plugin-paginate-graphql-4.0.0.tgz",
      "integrity": "sha512-7HcYW5tP7/Z6AETAPU14gp5H5KmCPT3hmJrS/5tO7HIgbwenYmgw4OY9Ma54FDySuxMwD+wsJlxtuGWwuZuItA==",
      "engines": {
        "node": ">= 18"
      },
      "peerDependencies": {
        "@octokit/core": ">=5"
      }
    },
    "node_modules/@octokit/plugin-paginate-rest": {
      "version": "9.2.2",
      "resolved": "https://registry.npmjs.org/@octokit/plugin-paginate-rest/-/plugin-paginate-rest-9.2.2.tgz",
      "integrity": "sha512-u3KYkGF7GcZnSD/3UP0S7K5XUFT2FkOQdcfXZGZQPGv3lm4F2Xbf71lvjldr8c1H3nNbF+33cLEkWYbokGWqiQ==",
      "license": "MIT",
      "dependencies": {
        "@octokit/types": "^12.6.0"
      },
      "engines": {
        "node": ">= 18"
      },
      "peerDependencies": {
        "@octokit/core": "5"
      }
    },
    "node_modules/@octokit/plugin-rest-endpoint-methods": {
      "version": "10.2.0",
      "resolved": "https://registry.npmjs.org/@octokit/plugin-rest-endpoint-methods/-/plugin-rest-endpoint-methods-10.2.0.tgz",
      "integrity": "sha512-ePbgBMYtGoRNXDyKGvr9cyHjQ163PbwD0y1MkDJCpkO2YH4OeXX40c4wYHKikHGZcpGPbcRLuy0unPUuafco8Q==",
      "dependencies": {
        "@octokit/types": "^12.3.0"
      },
      "engines": {
        "node": ">= 18"
      },
      "peerDependencies": {
        "@octokit/core": ">=5"
      }
    },
    "node_modules/@octokit/plugin-retry": {
      "version": "6.0.1",
      "resolved": "https://registry.npmjs.org/@octokit/plugin-retry/-/plugin-retry-6.0.1.tgz",
      "integrity": "sha512-SKs+Tz9oj0g4p28qkZwl/topGcb0k0qPNX/i7vBKmDsjoeqnVfFUquqrE/O9oJY7+oLzdCtkiWSXLpLjvl6uog==",
      "dependencies": {
        "@octokit/request-error": "^5.0.0",
        "@octokit/types": "^12.0.0",
        "bottleneck": "^2.15.3"
      },
      "engines": {
        "node": ">= 18"
      },
      "peerDependencies": {
        "@octokit/core": ">=5"
      }
    },
    "node_modules/@octokit/plugin-throttling": {
      "version": "8.1.3",
      "resolved": "https://registry.npmjs.org/@octokit/plugin-throttling/-/plugin-throttling-8.1.3.tgz",
      "integrity": "sha512-pfyqaqpc0EXh5Cn4HX9lWYsZ4gGbjnSmUILeu4u2gnuM50K/wIk9s1Pxt3lVeVwekmITgN/nJdoh43Ka+vye8A==",
      "dependencies": {
        "@octokit/types": "^12.2.0",
        "bottleneck": "^2.15.3"
      },
      "engines": {
        "node": ">= 18"
      },
      "peerDependencies": {
        "@octokit/core": "^5.0.0"
      }
    },
    "node_modules/@octokit/request": {
      "version": "8.4.1",
      "resolved": "https://registry.npmjs.org/@octokit/request/-/request-8.4.1.tgz",
      "integrity": "sha512-qnB2+SY3hkCmBxZsR/MPCybNmbJe4KAlfWErXq+rBKkQJlbjdJeS85VI9r8UqeLYLvnAenU8Q1okM/0MBsAGXw==",
      "license": "MIT",
      "dependencies": {
        "@octokit/endpoint": "^9.0.6",
        "@octokit/request-error": "^5.1.1",
        "@octokit/types": "^13.1.0",
        "universal-user-agent": "^6.0.0"
      },
      "engines": {
        "node": ">= 18"
      }
    },
    "node_modules/@octokit/request-error": {
      "version": "5.1.1",
      "resolved": "https://registry.npmjs.org/@octokit/request-error/-/request-error-5.1.1.tgz",
      "integrity": "sha512-v9iyEQJH6ZntoENr9/yXxjuezh4My67CBSu9r6Ve/05Iu5gNgnisNWOsoJHTP6k0Rr0+HQIpnH+kyammu90q/g==",
      "license": "MIT",
      "dependencies": {
        "@octokit/types": "^13.1.0",
        "deprecation": "^2.0.0",
        "once": "^1.4.0"
      },
      "engines": {
        "node": ">= 18"
      }
    },
    "node_modules/@octokit/request-error/node_modules/@octokit/openapi-types": {
      "version": "23.0.1",
      "resolved": "https://registry.npmjs.org/@octokit/openapi-types/-/openapi-types-23.0.1.tgz",
      "integrity": "sha512-izFjMJ1sir0jn0ldEKhZ7xegCTj/ObmEDlEfpFrx4k/JyZSMRHbO3/rBwgE7f3m2DHt+RrNGIVw4wSmwnm3t/g==",
      "license": "MIT"
    },
    "node_modules/@octokit/request-error/node_modules/@octokit/types": {
      "version": "13.8.0",
      "resolved": "https://registry.npmjs.org/@octokit/types/-/types-13.8.0.tgz",
      "integrity": "sha512-x7DjTIbEpEWXK99DMd01QfWy0hd5h4EN+Q7shkdKds3otGQP+oWE/y0A76i1OvH9fygo4ddvNf7ZvF0t78P98A==",
      "license": "MIT",
      "dependencies": {
        "@octokit/openapi-types": "^23.0.1"
      }
    },
    "node_modules/@octokit/request/node_modules/@octokit/openapi-types": {
      "version": "23.0.1",
      "resolved": "https://registry.npmjs.org/@octokit/openapi-types/-/openapi-types-23.0.1.tgz",
      "integrity": "sha512-izFjMJ1sir0jn0ldEKhZ7xegCTj/ObmEDlEfpFrx4k/JyZSMRHbO3/rBwgE7f3m2DHt+RrNGIVw4wSmwnm3t/g==",
      "license": "MIT"
    },
    "node_modules/@octokit/request/node_modules/@octokit/types": {
      "version": "13.8.0",
      "resolved": "https://registry.npmjs.org/@octokit/types/-/types-13.8.0.tgz",
      "integrity": "sha512-x7DjTIbEpEWXK99DMd01QfWy0hd5h4EN+Q7shkdKds3otGQP+oWE/y0A76i1OvH9fygo4ddvNf7ZvF0t78P98A==",
      "license": "MIT",
      "dependencies": {
        "@octokit/openapi-types": "^23.0.1"
      }
    },
    "node_modules/@octokit/types": {
      "version": "12.6.0",
      "resolved": "https://registry.npmjs.org/@octokit/types/-/types-12.6.0.tgz",
      "integrity": "sha512-1rhSOfRa6H9w4YwK0yrf5faDaDTb+yLyBUKOCV4xtCDB5VmIPqd/v9yr9o6SAzOAlRxMiRiCic6JVM1/kunVkw==",
      "license": "MIT",
      "dependencies": {
        "@octokit/openapi-types": "^20.0.0"
      }
    },
    "node_modules/@octokit/webhooks": {
      "version": "12.0.10",
      "resolved": "https://registry.npmjs.org/@octokit/webhooks/-/webhooks-12.0.10.tgz",
      "integrity": "sha512-Q8d26l7gZ3L1SSr25NFbbP0B431sovU5r0tIqcvy8Z4PrD1LBv0cJEjvDLOieouzPSTzSzufzRIeXD7S+zAESA==",
      "dependencies": {
        "@octokit/request-error": "^5.0.0",
        "@octokit/webhooks-methods": "^4.0.0",
        "@octokit/webhooks-types": "7.1.0",
        "aggregate-error": "^3.1.0"
      },
      "engines": {
        "node": ">= 18"
      }
    },
    "node_modules/@octokit/webhooks-methods": {
      "version": "4.0.0",
      "resolved": "https://registry.npmjs.org/@octokit/webhooks-methods/-/webhooks-methods-4.0.0.tgz",
      "integrity": "sha512-M8mwmTXp+VeolOS/kfRvsDdW+IO0qJ8kYodM/sAysk093q6ApgmBXwK1ZlUvAwXVrp/YVHp6aArj4auAxUAOFw==",
      "engines": {
        "node": ">= 18"
      }
    },
    "node_modules/@octokit/webhooks-types": {
      "version": "7.1.0",
      "resolved": "https://registry.npmjs.org/@octokit/webhooks-types/-/webhooks-types-7.1.0.tgz",
      "integrity": "sha512-y92CpG4kFFtBBjni8LHoV12IegJ+KFxLgKRengrVjKmGE5XMeCuGvlfRe75lTRrgXaG6XIWJlFpIDTlkoJsU8w=="
    },
    "node_modules/@types/aws-lambda": {
      "version": "8.10.130",
      "resolved": "https://registry.npmjs.org/@types/aws-lambda/-/aws-lambda-8.10.130.tgz",
      "integrity": "sha512-HxTfLeGvD1wTJqIGwcBCpNmHKenja+We1e0cuzeIDFfbEj3ixnlTInyPR/81zAe0Ss/Ip12rFK6XNeMLVucOSg=="
    },
    "node_modules/@types/btoa-lite": {
      "version": "1.0.2",
      "resolved": "https://registry.npmjs.org/@types/btoa-lite/-/btoa-lite-1.0.2.tgz",
      "integrity": "sha512-ZYbcE2x7yrvNFJiU7xJGrpF/ihpkM7zKgw8bha3LNJSesvTtUNxbpzaT7WXBIryf6jovisrxTBvymxMeLLj1Mg=="
    },
    "node_modules/@types/jsonwebtoken": {
      "version": "9.0.5",
      "resolved": "https://registry.npmjs.org/@types/jsonwebtoken/-/jsonwebtoken-9.0.5.tgz",
      "integrity": "sha512-VRLSGzik+Unrup6BsouBeHsf4d1hOEgYWTm/7Nmw1sXoN1+tRly/Gy/po3yeahnP4jfnQWWAhQAqcNfH7ngOkA==",
      "dependencies": {
        "@types/node": "*"
      }
    },
    "node_modules/@types/node": {
      "version": "20.10.4",
      "resolved": "https://registry.npmjs.org/@types/node/-/node-20.10.4.tgz",
      "integrity": "sha512-D08YG6rr8X90YB56tSIuBaddy/UXAA9RKJoFvrsnogAum/0pmjkgi4+2nx96A330FmioegBWmEYQ+syqCFaveg==",
      "dependencies": {
        "undici-types": "~5.26.4"
      }
    },
    "node_modules/aggregate-error": {
      "version": "3.1.0",
      "resolved": "https://registry.npmjs.org/aggregate-error/-/aggregate-error-3.1.0.tgz",
      "integrity": "sha512-4I7Td01quW/RpocfNayFdFVk1qSuoh0E7JrbRJ16nH01HhKFQ88INq9Sd+nd72zqRySlr9BmDA8xlEJ6vJMrYA==",
      "dependencies": {
        "clean-stack": "^2.0.0",
        "indent-string": "^4.0.0"
      },
      "engines": {
        "node": ">=8"
      }
    },
    "node_modules/ansi-regex": {
      "version": "4.1.1",
      "resolved": "https://registry.npmjs.org/ansi-regex/-/ansi-regex-4.1.1.tgz",
      "integrity": "sha512-ILlv4k/3f6vfQ4OoP2AGvirOktlQ98ZEL1k9FaQjxa3L1abBgbuTDAdPOpvbGncC0BTVQrl+OM8xZGK6tWXt7g==",
      "engines": {
        "node": ">=6"
      }
    },
    "node_modules/ansi-styles": {
      "version": "3.2.1",
      "resolved": "https://registry.npmjs.org/ansi-styles/-/ansi-styles-3.2.1.tgz",
      "integrity": "sha512-VT0ZI6kZRdTh8YyJw3SMbYm/u+NqfsAxEpWO0Pf9sq8/e94WxxOpPKx9FR1FlyCtOVDNOQ+8ntlqFxiRc+r5qA==",
      "dependencies": {
        "color-convert": "^1.9.0"
      },
      "engines": {
        "node": ">=4"
      }
    },
    "node_modules/before-after-hook": {
      "version": "2.2.3",
      "resolved": "https://registry.npmjs.org/before-after-hook/-/before-after-hook-2.2.3.tgz",
      "integrity": "sha512-NzUnlZexiaH/46WDhANlyR2bXRopNg4F/zuSA3OpZnllCUgRaOF2znDioDWrmbNVsuZk6l9pMquQB38cfBZwkQ=="
    },
    "node_modules/bottleneck": {
      "version": "2.19.5",
      "resolved": "https://registry.npmjs.org/bottleneck/-/bottleneck-2.19.5.tgz",
      "integrity": "sha512-VHiNCbI1lKdl44tGrhNfU3lup0Tj/ZBMJB5/2ZbNXRCPuRCO7ed2mgcK4r17y+KB2EfuYuRaVlwNbAeaWGSpbw=="
    },
    "node_modules/btoa-lite": {
      "version": "1.0.0",
      "resolved": "https://registry.npmjs.org/btoa-lite/-/btoa-lite-1.0.0.tgz",
      "integrity": "sha512-gvW7InbIyF8AicrqWoptdW08pUxuhq8BEgowNajy9RhiE86fmGAGl+bLKo6oB8QP0CkqHLowfN0oJdKC/J6LbA=="
    },
    "node_modules/buffer-equal-constant-time": {
      "version": "1.0.1",
      "resolved": "https://registry.npmjs.org/buffer-equal-constant-time/-/buffer-equal-constant-time-1.0.1.tgz",
      "integrity": "sha512-zRpUiDwd/xk6ADqPMATG8vc9VPrkck7T07OIx0gnjmJAnHnTVXNQG3vfvWNuiZIkwu9KrKdA1iJKfsfTVxE6NA==",
      "license": "BSD-3-Clause"
    },
    "node_modules/camelcase": {
      "version": "5.3.1",
      "resolved": "https://registry.npmjs.org/camelcase/-/camelcase-5.3.1.tgz",
      "integrity": "sha512-L28STB170nwWS63UjtlEOE3dldQApaJXZkOI1uMFfzf3rRuPegHaHesyee+YxQ+W6SvRDQV6UrdOdRiR153wJg==",
      "engines": {
        "node": ">=6"
      }
    },
    "node_modules/clean-stack": {
      "version": "2.2.0",
      "resolved": "https://registry.npmjs.org/clean-stack/-/clean-stack-2.2.0.tgz",
      "integrity": "sha512-4diC9HaTE+KRAMWhDhrGOECgWZxoevMc5TlkObMqNSsVU62PYzXZ/SMTjzyGAFF1YusgxGcSWTEXBhp0CPwQ1A==",
      "engines": {
        "node": ">=6"
      }
    },
    "node_modules/cliui": {
      "version": "5.0.0",
      "resolved": "https://registry.npmjs.org/cliui/-/cliui-5.0.0.tgz",
      "integrity": "sha512-PYeGSEmmHM6zvoef2w8TPzlrnNpXIjTipYK780YswmIP9vjxmd6Y2a3CB2Ks6/AU8NHjZugXvo8w3oWM2qnwXA==",
      "dependencies": {
        "string-width": "^3.1.0",
        "strip-ansi": "^5.2.0",
        "wrap-ansi": "^5.1.0"
      }
    },
    "node_modules/color-convert": {
      "version": "1.9.3",
      "resolved": "https://registry.npmjs.org/color-convert/-/color-convert-1.9.3.tgz",
      "integrity": "sha512-QfAUtd+vFdAtFQcC8CCyYt1fYWxSqAiK2cSD6zDB8N3cpsEBAvRxp9zOGg6G/SHHJYAT88/az/IuDGALsNVbGg==",
      "dependencies": {
        "color-name": "1.1.3"
      }
    },
    "node_modules/color-name": {
      "version": "1.1.3",
      "resolved": "https://registry.npmjs.org/color-name/-/color-name-1.1.3.tgz",
      "integrity": "sha512-72fSenhMw2HZMTVHeCA9KCmpEIbzWiQsjN+BHcBbS9vr1mtt+vJjPdksIBNUmKAW8TFUDPJK5SUU3QhE9NEXDw=="
    },
    "node_modules/decamelize": {
      "version": "1.2.0",
      "resolved": "https://registry.npmjs.org/decamelize/-/decamelize-1.2.0.tgz",
      "integrity": "sha512-z2S+W9X73hAUUki+N+9Za2lBlun89zigOyGrsax+KUQ6wKW4ZoWpEYBkGhQjwAjjDCkWxhY0VKEhk8wzY7F5cA==",
      "engines": {
        "node": ">=0.10.0"
      }
    },
    "node_modules/deprecation": {
      "version": "2.3.1",
      "resolved": "https://registry.npmjs.org/deprecation/-/deprecation-2.3.1.tgz",
      "integrity": "sha512-xmHIy4F3scKVwMsQ4WnVaS8bHOx0DmVwRywosKhaILI0ywMDWPtBSku2HNxRvF7jtwDRsoEwYQSfbxj8b7RlJQ=="
    },
    "node_modules/ecdsa-sig-formatter": {
      "version": "1.0.11",
      "resolved": "https://registry.npmjs.org/ecdsa-sig-formatter/-/ecdsa-sig-formatter-1.0.11.tgz",
      "integrity": "sha512-nagl3RYrbNv6kQkeJIpt6NJZy8twLB/2vtz6yN9Z4vRKHN4/QZJIEbqohALSgwKdnksuY3k5Addp5lg8sVoVcQ==",
      "license": "Apache-2.0",
      "dependencies": {
        "safe-buffer": "^5.0.1"
      }
    },
    "node_modules/emoji-regex": {
      "version": "7.0.3",
      "resolved": "https://registry.npmjs.org/emoji-regex/-/emoji-regex-7.0.3.tgz",
      "integrity": "sha512-CwBLREIQ7LvYFB0WyRvwhq5N5qPhc6PMjD6bYggFlI5YyDgl+0vxq5VHbMOFqLg7hfWzmu8T5Z1QofhmTIhItA=="
    },
    "node_modules/find-up": {
      "version": "3.0.0",
      "resolved": "https://registry.npmjs.org/find-up/-/find-up-3.0.0.tgz",
      "integrity": "sha512-1yD6RmLI1XBfxugvORwlck6f75tYL+iR0jqwsOrOxMZyGYqUuDhJ0l4AXdO1iX/FTs9cBAMEk1gWSEx1kSbylg==",
      "dependencies": {
        "locate-path": "^3.0.0"
      },
      "engines": {
        "node": ">=6"
      }
    },
    "node_modules/get-caller-file": {
      "version": "2.0.5",
      "resolved": "https://registry.npmjs.org/get-caller-file/-/get-caller-file-2.0.5.tgz",
      "integrity": "sha512-DyFP3BM/3YHTQOCUL/w0OZHR0lpKeGrxotcHWcqNEdnltqFwXVfhEBQ94eIo34AfQpo0rGki4cyIiftY06h2Fg==",
      "engines": {
        "node": "6.* || 8.* || >= 10.*"
      }
    },
    "node_modules/graceful-fs": {
      "version": "4.2.11",
      "resolved": "https://registry.npmjs.org/graceful-fs/-/graceful-fs-4.2.11.tgz",
      "integrity": "sha512-RbJ5/jmFcNNCcDV5o9eTnBLJ/HszWV0P73bc+Ff4nS/rJj+YaS6IGyiOL0VoBYX+l1Wrl3k63h/KrH+nhJ0XvQ==",
      "optional": true
    },
    "node_modules/indent-string": {
      "version": "4.0.0",
      "resolved": "https://registry.npmjs.org/indent-string/-/indent-string-4.0.0.tgz",
      "integrity": "sha512-EdDDZu4A2OyIK7Lr/2zG+w5jmbuk1DVBnEwREQvBzspBJkCEbRa8GxU1lghYcaGJCnRWibjDXlq779X1/y5xwg==",
      "engines": {
        "node": ">=8"
      }
    },
    "node_modules/is-fullwidth-code-point": {
      "version": "2.0.0",
      "resolved": "https://registry.npmjs.org/is-fullwidth-code-point/-/is-fullwidth-code-point-2.0.0.tgz",
      "integrity": "sha512-VHskAKYM8RfSFXwee5t5cbN5PZeq1Wrh6qd5bkyiXIf6UQcN6w/A0eXM9r6t8d+GYOh+o6ZhiEnb88LN/Y8m2w==",
      "engines": {
        "node": ">=4"
      }
    },
    "node_modules/jsonfile": {
      "version": "5.0.0",
      "resolved": "https://registry.npmjs.org/jsonfile/-/jsonfile-5.0.0.tgz",
      "integrity": "sha512-NQRZ5CRo74MhMMC3/3r5g2k4fjodJ/wh8MxjFbCViWKFjxrnudWSY5vomh+23ZaXzAS7J3fBZIR2dV6WbmfM0w==",
      "dependencies": {
        "universalify": "^0.1.2"
      },
      "optionalDependencies": {
        "graceful-fs": "^4.1.6"
      }
    },
    "node_modules/jsonwebtoken": {
      "version": "9.0.2",
      "resolved": "https://registry.npmjs.org/jsonwebtoken/-/jsonwebtoken-9.0.2.tgz",
      "integrity": "sha512-PRp66vJ865SSqOlgqS8hujT5U4AOgMfhrwYIuIhfKaoSCZcirrmASQr8CX7cUg+RMih+hgznrjp99o+W4pJLHQ==",
      "dependencies": {
        "jws": "^3.2.2",
        "lodash.includes": "^4.3.0",
        "lodash.isboolean": "^3.0.3",
        "lodash.isinteger": "^4.0.4",
        "lodash.isnumber": "^3.0.3",
        "lodash.isplainobject": "^4.0.6",
        "lodash.isstring": "^4.0.1",
        "lodash.once": "^4.0.0",
        "ms": "^2.1.1",
        "semver": "^7.5.4"
      },
      "engines": {
        "node": ">=12",
        "npm": ">=6"
      }
    },
    "node_modules/jwa": {
      "version": "1.4.2",
      "resolved": "https://registry.npmjs.org/jwa/-/jwa-1.4.2.tgz",
      "integrity": "sha512-eeH5JO+21J78qMvTIDdBXidBd6nG2kZjg5Ohz/1fpa28Z4CcsWUzJ1ZZyFq/3z3N17aZy+ZuBoHljASbL1WfOw==",
      "license": "MIT",
      "dependencies": {
        "buffer-equal-constant-time": "^1.0.1",
        "ecdsa-sig-formatter": "1.0.11",
        "safe-buffer": "^5.0.1"
      }
    },
    "node_modules/jws": {
      "version": "3.2.3",
      "resolved": "https://registry.npmjs.org/jws/-/jws-3.2.3.tgz",
      "integrity": "sha512-byiJ0FLRdLdSVSReO/U4E7RoEyOCKnEnEPMjq3HxWtvzLsV08/i5RQKsFVNkCldrCaPr2vDNAOMsfs8T/Hze7g==",
      "license": "MIT",
      "dependencies": {
        "jwa": "^1.4.2",
        "safe-buffer": "^5.0.1"
      }
    },
    "node_modules/locate-path": {
      "version": "3.0.0",
      "resolved": "https://registry.npmjs.org/locate-path/-/locate-path-3.0.0.tgz",
      "integrity": "sha512-7AO748wWnIhNqAuaty2ZWHkQHRSNfPVIsPIfwEOWO22AmaoVrWavlOcMR5nzTLNYvp36X220/maaRsrec1G65A==",
      "dependencies": {
        "p-locate": "^3.0.0",
        "path-exists": "^3.0.0"
      },
      "engines": {
        "node": ">=6"
      }
    },
    "node_modules/lodash.includes": {
      "version": "4.3.0",
      "resolved": "https://registry.npmjs.org/lodash.includes/-/lodash.includes-4.3.0.tgz",
      "integrity": "sha512-W3Bx6mdkRTGtlJISOvVD/lbqjTlPPUDTMnlXZFnVwi9NKJ6tiAk6LVdlhZMm17VZisqhKcgzpO5Wz91PCt5b0w=="
    },
    "node_modules/lodash.isboolean": {
      "version": "3.0.3",
      "resolved": "https://registry.npmjs.org/lodash.isboolean/-/lodash.isboolean-3.0.3.tgz",
      "integrity": "sha512-Bz5mupy2SVbPHURB98VAcw+aHh4vRV5IPNhILUCsOzRmsTmSQ17jIuqopAentWoehktxGd9e/hbIXq980/1QJg=="
    },
    "node_modules/lodash.isinteger": {
      "version": "4.0.4",
      "resolved": "https://registry.npmjs.org/lodash.isinteger/-/lodash.isinteger-4.0.4.tgz",
      "integrity": "sha512-DBwtEWN2caHQ9/imiNeEA5ys1JoRtRfY3d7V9wkqtbycnAmTvRRmbHKDV4a0EYc678/dia0jrte4tjYwVBaZUA=="
    },
    "node_modules/lodash.isnumber": {
      "version": "3.0.3",
      "resolved": "https://registry.npmjs.org/lodash.isnumber/-/lodash.isnumber-3.0.3.tgz",
      "integrity": "sha512-QYqzpfwO3/CWf3XP+Z+tkQsfaLL/EnUlXWVkIk5FUPc4sBdTehEqZONuyRt2P67PXAk+NXmTBcc97zw9t1FQrw=="
    },
    "node_modules/lodash.isplainobject": {
      "version": "4.0.6",
      "resolved": "https://registry.npmjs.org/lodash.isplainobject/-/lodash.isplainobject-4.0.6.tgz",
      "integrity": "sha512-oSXzaWypCMHkPC3NvBEaPHf0KsA5mvPrOPgQWDsbg8n7orZ290M0BmC/jgRZ4vcJ6DTAhjrsSYgdsW/F+MFOBA=="
    },
    "node_modules/lodash.isstring": {
      "version": "4.0.1",
      "resolved": "https://registry.npmjs.org/lodash.isstring/-/lodash.isstring-4.0.1.tgz",
      "integrity": "sha512-0wJxfxH1wgO3GrbuP+dTTk7op+6L41QCXbGINEmD+ny/G/eCqGzxyCsh7159S+mgDDcoarnBw6PC1PS5+wUGgw=="
    },
    "node_modules/lodash.once": {
      "version": "4.1.1",
      "resolved": "https://registry.npmjs.org/lodash.once/-/lodash.once-4.1.1.tgz",
      "integrity": "sha512-Sb487aTOCr9drQVL8pIxOzVhafOjZN9UU54hiN8PU3uAiSV7lx1yYNpbNmex2PK6dSJoNTSJUUswT651yww3Mg=="
    },
    "node_modules/lru-cache": {
      "version": "10.1.0",
      "resolved": "https://registry.npmjs.org/lru-cache/-/lru-cache-10.1.0.tgz",
      "integrity": "sha512-/1clY/ui8CzjKFyjdvwPWJUYKiFVXG2I2cY0ssG7h4+hwk+XOIX7ZSG9Q7TW8TW3Kp3BUSqgFWBLgL4PJ+Blag==",
      "engines": {
        "node": "14 || >=16.14"
      }
    },
    "node_modules/minimist": {
      "version": "1.2.8",
      "resolved": "https://registry.npmjs.org/minimist/-/minimist-1.2.8.tgz",
      "integrity": "sha512-2yyAR8qBkN3YuheJanUpWC5U3bb5osDywNB8RzDVlDwDHbocAJveqqj1u8+SVD7jkWT4yvsHCpWqqWqAxb0zCA==",
      "funding": {
        "url": "https://github.com/sponsors/ljharb"
      }
    },
    "node_modules/mkdirp": {
      "version": "0.5.6",
      "resolved": "https://registry.npmjs.org/mkdirp/-/mkdirp-0.5.6.tgz",
      "integrity": "sha512-FP+p8RB8OWpF3YZBCrP5gtADmtXApB5AMLn+vdyA+PyxCjrCs00mjyUozssO33cwDeT3wNGdLxJ5M//YqtHAJw==",
      "dependencies": {
        "minimist": "^1.2.6"
      },
      "bin": {
        "mkdirp": "bin/cmd.js"
      }
    },
    "node_modules/ms": {
      "version": "2.1.3",
      "resolved": "https://registry.npmjs.org/ms/-/ms-2.1.3.tgz",
      "integrity": "sha512-6FlzubTLZG3J2a/NVCAleEhjzq5oxgHyaCU9yYXvcLsvoVaHJq/s5xXI6/XXP6tz7R9xAOtHnSO/tXtF3WRTlA=="
    },
    "node_modules/octokit": {
      "version": "3.1.2",
      "resolved": "https://registry.npmjs.org/octokit/-/octokit-3.1.2.tgz",
      "integrity": "sha512-MG5qmrTL5y8KYwFgE1A4JWmgfQBaIETE/lOlfwNYx1QOtCQHGVxkRJmdUJltFc1HVn73d61TlMhMyNTOtMl+ng==",
      "dependencies": {
        "@octokit/app": "^14.0.2",
        "@octokit/core": "^5.0.0",
        "@octokit/oauth-app": "^6.0.0",
        "@octokit/plugin-paginate-graphql": "^4.0.0",
        "@octokit/plugin-paginate-rest": "^9.0.0",
        "@octokit/plugin-rest-endpoint-methods": "^10.0.0",
        "@octokit/plugin-retry": "^6.0.0",
        "@octokit/plugin-throttling": "^8.0.0",
        "@octokit/request-error": "^5.0.0",
        "@octokit/types": "^12.0.0"
      },
      "engines": {
        "node": ">= 18"
      }
    },
    "node_modules/once": {
      "version": "1.4.0",
      "resolved": "https://registry.npmjs.org/once/-/once-1.4.0.tgz",
      "integrity": "sha512-lNaJgI+2Q5URQBkccEKHTQOPaXdUxnZZElQTZY0MFUAuaEqe1E+Nyvgdz/aIyNi6Z9MzO5dv1H8n58/GELp3+w==",
      "dependencies": {
        "wrappy": "1"
      }
    },
    "node_modules/p-limit": {
      "version": "2.3.0",
      "resolved": "https://registry.npmjs.org/p-limit/-/p-limit-2.3.0.tgz",
      "integrity": "sha512-//88mFWSJx8lxCzwdAABTJL2MyWB12+eIY7MDL2SqLmAkeKU9qxRvWuSyTjm3FUmpBEMuFfckAIqEaVGUDxb6w==",
      "dependencies": {
        "p-try": "^2.0.0"
      },
      "engines": {
        "node": ">=6"
      },
      "funding": {
        "url": "https://github.com/sponsors/sindresorhus"
      }
    },
    "node_modules/p-locate": {
      "version": "3.0.0",
      "resolved": "https://registry.npmjs.org/p-locate/-/p-locate-3.0.0.tgz",
      "integrity": "sha512-x+12w/To+4GFfgJhBEpiDcLozRJGegY+Ei7/z0tSLkMmxGZNybVMSfWj9aJn8Z5Fc7dBUNJOOVgPv2H7IwulSQ==",
      "dependencies": {
        "p-limit": "^2.0.0"
      },
      "engines": {
        "node": ">=6"
      }
    },
    "node_modules/p-try": {
      "version": "2.2.0",
      "resolved": "https://registry.npmjs.org/p-try/-/p-try-2.2.0.tgz",
      "integrity": "sha512-R4nPAVTAU0B9D35/Gk3uJf/7XYbQcyohSKdvAxIRSNghFl4e71hVoGnBNQz9cWaXxO2I10KTC+3jMdvvoKw6dQ==",
      "engines": {
        "node": ">=6"
      }
    },
    "node_modules/path-exists": {
      "version": "3.0.0",
      "resolved": "https://registry.npmjs.org/path-exists/-/path-exists-3.0.0.tgz",
      "integrity": "sha512-bpC7GYwiDYQ4wYLe+FA8lhRjhQCMcQGuSgGGqDkg/QerRWw9CmGRT0iSOVRSZJ29NMLZgIzqaljJ63oaL4NIJQ==",
      "engines": {
        "node": ">=4"
      }
    },
    "node_modules/prettier": {
      "version": "3.0.0",
      "resolved": "https://registry.npmjs.org/prettier/-/prettier-3.0.0.tgz",
      "integrity": "sha512-zBf5eHpwHOGPC47h0zrPyNn+eAEIdEzfywMoYn2XPi0P44Zp0tSq64rq0xAREh4auw2cJZHo9QUob+NqCQky4g==",
      "dev": true,
      "bin": {
        "prettier": "bin/prettier.cjs"
      },
      "engines": {
        "node": ">=14"
      },
      "funding": {
        "url": "https://github.com/prettier/prettier?sponsor=1"
      }
    },
    "node_modules/require-directory": {
      "version": "2.1.1",
      "resolved": "https://registry.npmjs.org/require-directory/-/require-directory-2.1.1.tgz",
      "integrity": "sha512-fGxEI7+wsG9xrvdjsrlmL22OMTTiHRwAMroiEeMgq8gzoLC/PQr7RsRDSTLUg/bZAZtF+TVIkHc6/4RIKrui+Q==",
      "engines": {
        "node": ">=0.10.0"
      }
    },
    "node_modules/require-main-filename": {
      "version": "2.0.0",
      "resolved": "https://registry.npmjs.org/require-main-filename/-/require-main-filename-2.0.0.tgz",
      "integrity": "sha512-NKN5kMDylKuldxYLSUfrbo5Tuzh4hd+2E8NPPX02mZtn1VuREQToYe/ZdlJy+J3uCpfaiGF05e7B8W0iXbQHmg=="
    },
    "node_modules/safe-buffer": {
      "version": "5.2.1",
      "resolved": "https://registry.npmjs.org/safe-buffer/-/safe-buffer-5.2.1.tgz",
      "integrity": "sha512-rp3So07KcdmmKbGvgaNxQSJr7bGVSVk5S9Eq1F+ppbRo70+YeaDxkw5Dd8NPN+GD6bjnYm2VuPuCXmpuYvmCXQ==",
      "funding": [
        {
          "type": "github",
          "url": "https://github.com/sponsors/feross"
        },
        {
          "type": "patreon",
          "url": "https://www.patreon.com/feross"
        },
        {
          "type": "consulting",
          "url": "https://feross.org/support"
        }
      ],
      "license": "MIT"
    },
    "node_modules/semver": {
      "version": "7.5.4",
      "resolved": "https://registry.npmjs.org/semver/-/semver-7.5.4.tgz",
      "integrity": "sha512-1bCSESV6Pv+i21Hvpxp3Dx+pSD8lIPt8uVjRrxAUt/nbswYc+tK6Y2btiULjd4+fnq15PX+nqQDC7Oft7WkwcA==",
      "dependencies": {
        "lru-cache": "^6.0.0"
      },
      "bin": {
        "semver": "bin/semver.js"
      },
      "engines": {
        "node": ">=10"
      }
    },
    "node_modules/semver/node_modules/lru-cache": {
      "version": "6.0.0",
      "resolved": "https://registry.npmjs.org/lru-cache/-/lru-cache-6.0.0.tgz",
      "integrity": "sha512-Jo6dJ04CmSjuznwJSS3pUeWmd/H0ffTlkXXgwZi+eq1UCmqQwCh+eLsYOYCwY991i2Fah4h1BEMCx4qThGbsiA==",
      "dependencies": {
        "yallist": "^4.0.0"
      },
      "engines": {
        "node": ">=10"
      }
    },
    "node_modules/set-blocking": {
      "version": "2.0.0",
      "resolved": "https://registry.npmjs.org/set-blocking/-/set-blocking-2.0.0.tgz",
      "integrity": "sha512-KiKBS8AnWGEyLzofFfmvKwpdPzqiy16LvQfK3yv/fVH7Bj13/wl3JSR1J+rfgRE9q7xUJK4qvgS8raSOeLUehw=="
    },
    "node_modules/string-width": {
      "version": "3.1.0",
      "resolved": "https://registry.npmjs.org/string-width/-/string-width-3.1.0.tgz",
      "integrity": "sha512-vafcv6KjVZKSgz06oM/H6GDBrAtz8vdhQakGjFIvNrHA6y3HCF1CInLy+QLq8dTJPQ1b+KDUqDFctkdRW44e1w==",
      "dependencies": {
        "emoji-regex": "^7.0.1",
        "is-fullwidth-code-point": "^2.0.0",
        "strip-ansi": "^5.1.0"
      },
      "engines": {
        "node": ">=6"
      }
    },
    "node_modules/strip-ansi": {
      "version": "5.2.0",
      "resolved": "https://registry.npmjs.org/strip-ansi/-/strip-ansi-5.2.0.tgz",
      "integrity": "sha512-DuRs1gKbBqsMKIZlrffwlug8MHkcnpjs5VPmL1PAh+mA30U0DTotfDZ0d2UUsXpPmPmMMJ6W773MaA3J+lbiWA==",
      "dependencies": {
        "ansi-regex": "^4.1.0"
      },
      "engines": {
        "node": ">=6"
      }
    },
    "node_modules/undici-types": {
      "version": "5.26.5",
      "resolved": "https://registry.npmjs.org/undici-types/-/undici-types-5.26.5.tgz",
      "integrity": "sha512-JlCMO+ehdEIKqlFxk6IfVoAUVmgz7cU7zD/h9XZ0qzeosSHmUJVOzSQvvYSYWXkFXC+IfLKSIffhv0sVZup6pA=="
    },
    "node_modules/universal-github-app-jwt": {
      "version": "1.1.1",
      "resolved": "https://registry.npmjs.org/universal-github-app-jwt/-/universal-github-app-jwt-1.1.1.tgz",
      "integrity": "sha512-G33RTLrIBMFmlDV4u4CBF7dh71eWwykck4XgaxaIVeZKOYZRAAxvcGMRFTUclVY6xoUPQvO4Ne5wKGxYm/Yy9w==",
      "dependencies": {
        "@types/jsonwebtoken": "^9.0.0",
        "jsonwebtoken": "^9.0.0"
      }
    },
    "node_modules/universal-user-agent": {
      "version": "6.0.1",
      "resolved": "https://registry.npmjs.org/universal-user-agent/-/universal-user-agent-6.0.1.tgz",
      "integrity": "sha512-yCzhz6FN2wU1NiiQRogkTQszlQSlpWaw8SvVegAc+bDxbzHgh1vX8uIe8OYyMH6DwH+sdTJsgMl36+mSMdRJIQ=="
    },
    "node_modules/universalify": {
      "version": "0.1.2",
      "resolved": "https://registry.npmjs.org/universalify/-/universalify-0.1.2.tgz",
      "integrity": "sha512-rBJeI5CXAlmy1pV+617WB9J63U6XcazHHF2f2dbJix4XzpUF0RS3Zbj0FGIOCAva5P/d/GBOYaACQ1w+0azUkg==",
      "engines": {
        "node": ">= 4.0.0"
      }
    },
    "node_modules/which-module": {
      "version": "2.0.1",
      "resolved": "https://registry.npmjs.org/which-module/-/which-module-2.0.1.tgz",
      "integrity": "sha512-iBdZ57RDvnOR9AGBhML2vFZf7h8vmBjhoaZqODJBFWHVtKkDmKuHai3cx5PgVMrX5YDNp27AofYbAwctSS+vhQ=="
    },
    "node_modules/wrap-ansi": {
      "version": "5.1.0",
      "resolved": "https://registry.npmjs.org/wrap-ansi/-/wrap-ansi-5.1.0.tgz",
      "integrity": "sha512-QC1/iN/2/RPVJ5jYK8BGttj5z83LmSKmvbvrXPNCLZSEb32KKVDJDl/MOt2N01qU2H/FkzEa9PKto1BqDjtd7Q==",
      "dependencies": {
        "ansi-styles": "^3.2.0",
        "string-width": "^3.0.0",
        "strip-ansi": "^5.0.0"
      },
      "engines": {
        "node": ">=6"
      }
    },
    "node_modules/wrappy": {
      "version": "1.0.2",
      "resolved": "https://registry.npmjs.org/wrappy/-/wrappy-1.0.2.tgz",
      "integrity": "sha512-l4Sp/DRseor9wL6EvV2+TuQn63dMkPjZ/sp9XkghTEbV9KlPS1xUsZ3u7/IQO4wxtcFB4bgpQPRcR3QCvezPcQ=="
    },
    "node_modules/y18n": {
      "version": "4.0.3",
      "resolved": "https://registry.npmjs.org/y18n/-/y18n-4.0.3.tgz",
      "integrity": "sha512-JKhqTOwSrqNA1NY5lSztJ1GrBiUodLMmIZuLiDaMRJ+itFd+ABVE8XBjOvIWL+rSqNDC74LCSFmlb/U4UZ4hJQ=="
    },
    "node_modules/yallist": {
      "version": "4.0.0",
      "resolved": "https://registry.npmjs.org/yallist/-/yallist-4.0.0.tgz",
      "integrity": "sha512-3wdGidZyq5PB084XLES5TpOSRA3wjXAlIWMhum2kRcv/41Sn2emQ0dycQW4uZXLejwKvg6EsvbdlVL+FYEct7A=="
    },
    "node_modules/yargs": {
      "version": "13.3.2",
      "resolved": "https://registry.npmjs.org/yargs/-/yargs-13.3.2.tgz",
      "integrity": "sha512-AX3Zw5iPruN5ie6xGRIDgqkT+ZhnRlZMLMHAs8tg7nRruy2Nb+i5o9bwghAogtM08q1dpr2LVoS8KSTMYpWXUw==",
      "dependencies": {
        "cliui": "^5.0.0",
        "find-up": "^3.0.0",
        "get-caller-file": "^2.0.1",
        "require-directory": "^2.1.1",
        "require-main-filename": "^2.0.0",
        "set-blocking": "^2.0.0",
        "string-width": "^3.0.0",
        "which-module": "^2.0.0",
        "y18n": "^4.0.0",
        "yargs-parser": "^13.1.2"
      }
    },
    "node_modules/yargs-parser": {
      "version": "13.1.2",
      "resolved": "https://registry.npmjs.org/yargs-parser/-/yargs-parser-13.1.2.tgz",
      "integrity": "sha512-3lbsNRf/j+A4QuSZfDRA7HRSfWrzO0YjqTJd5kjAq37Zep1CEgaYmrH9Q3GwPiB9cHyd1Y1UwggGhJGoxipbzg==",
      "dependencies": {
        "camelcase": "^5.0.0",
        "decamelize": "^1.2.0"
      }
    }
  }
}
